
Microsoft Visual Studio Solution File, Format Version 12.00
# Visual Studio 15
VisualStudioVersion = 15.0.28010.2048
MinimumVisualStudioVersion = 10.0.40219.1
Project("{FAE04EC0-301F-11D3-BF4B-00C04F79EFBC}") = "SietemaVenta.Entity", "SietemaVenta.Entity\SietemaVenta.Entity.csproj", "{7F3A6088-C1E0-4230-8036-635579C7EF5F}"
EndProject
Project("{FAE04EC0-301F-11D3-BF4B-00C04F79EFBC}") = "SistemaVenta.Data", "SistemaVenta.Data\SistemaVenta.Data.csproj", "{C52F4A15-2923-4C3C-BDCE-07A691DCA538}"
EndProject
Project("{FAE04EC0-301F-11D3-BF4B-00C04F79EFBC}") = "SistemaVenta.Web", "SistemaVenta.Web\SistemaVenta.Web.csproj", "{D82C3D30-5951-487D-9405-11C1D4577323}"
EndProject
Global
	GlobalSection(SolutionConfigurationPlatforms) = preSolution
		Debug|Any CPU = Debug|Any CPU
		Release|Any CPU = Release|Any CPU
	EndGlobalSection
	GlobalSection(ProjectConfigurationPlatforms) = postSolution
		{7F3A6088-C1E0-4230-8036-635579C7EF5F}.Debug|Any CPU.ActiveCfg = Debug|Any CPU
		{7F3A6088-C1E0-4230-8036-635579C7EF5F}.Debug|Any CPU.Build.0 = Debug|Any CPU
		{7F3A6088-C1E0-4230-8036-635579C7EF5F}.Release|Any CPU.ActiveCfg = Release|Any CPU
		{7F3A6088-C1E0-4230-8036-635579C7EF5F}.Release|Any CPU.Build.0 = Release|Any CPU
		{C52F4A15-2923-4C3C-BDCE-07A691DCA538}.Debug|Any CPU.ActiveCfg = Debug|Any CPU
		{C52F4A15-2923-4C3C-BDCE-07A691DCA538}.Debug|Any CPU.Build.0 = Debug|Any CPU
		{C52F4A15-2923-4C3C-BDCE-07A691DCA538}.Release|Any CPU.ActiveCfg = Release|Any CPU
		{C52F4A15-2923-4C3C-BDCE-07A691DCA538}.Release|Any CPU.Build.0 = Release|Any CPU
		{D82C3D30-5951-487D-9405-11C1D4577323}.Debug|Any CPU.ActiveCfg = Debug|Any CPU
		{D82C3D30-5951-487D-9405-11C1D4577323}.Debug|Any CPU.Build.0 = Debug|Any CPU
		{D82C3D30-5951-487D-9405-11C1D4577323}.Release|Any CPU.ActiveCfg = Release|Any CPU
		{D82C3D30-5951-487D-9405-11C1D4577323}.Release|Any CPU.Build.0 = Release|Any CPU
	EndGlobalSection
	GlobalSection(SolutionProperties) = preSolution
		HideSolutionNode = FALSE
	EndGlobalSection
	GlobalSection(ExtensibilityGlobals) = postSolution
		SolutionGuid = {55E63227-66B4-4CA8-B0F6-2EED342B1D46}
	EndGlobalSection
EndGlobal
